
Microsoft Visual Studio Solution File, Format Version 12.00
# Visual Studio 15
VisualStudioVersion = 15.0.28307.1145
MinimumVisualStudioVersion = 10.0.40219.1
Project("{FAE04EC0-301F-11D3-BF4B-00C04F79EFBC}") = "MonolithGuns", "MonolithGuns\MonolithGuns.csproj", "{0CA7CCFE-9A12-4081-96E4-62AF7007D7D1}"
EndProject
Global
	GlobalSection(SolutionConfigurationPlatforms) = preSolution
		Debug|Any CPU = Debug|Any CPU
		Release|Any CPU = Release|Any CPU
	EndGlobalSection
	GlobalSection(ProjectConfigurationPlatforms) = postSolution
		{0CA7CCFE-9A12-4081-96E4-62AF7007D7D1}.Debug|Any CPU.ActiveCfg = Debug|Any CPU
		{0CA7CCFE-9A12-4081-96E4-62AF7007D7D1}.Debug|Any CPU.Build.0 = Debug|Any CPU
		{0CA7CCFE-9A12-4081-96E4-62AF7007D7D1}.Release|Any CPU.ActiveCfg = Release|Any CPU
		{0CA7CCFE-9A12-4081-96E4-62AF7007D7D1}.Release|Any CPU.Build.0 = Release|Any CPU
	EndGlobalSection
	GlobalSection(SolutionProperties) = preSolution
		HideSolutionNode = FALSE
	EndGlobalSection
	GlobalSection(ExtensibilityGlobals) = postSolution
		SolutionGuid = {F16CE5C1-1C6B-446E-94D0-B0AF81FBD4EE}
	EndGlobalSection
EndGlobal
